// !$*UTF8*$!
{
	archiveVersion = 1;
	classes = {
	};
	objectVersion = 46;
	objects = {

/* Begin PBXBuildFile section */
		49CBBFC319AAA08C00D53D31 /* Foundation.framework in Frameworks */ = {isa = PBXBuildFile; fileRef = 49CBBFC219AAA08C00D53D31 /* Foundation.framework */; };
		49CBBFC519AAA08C00D53D31 /* CoreGraphics.framework in Frameworks */ = {isa = PBXBuildFile; fileRef = 49CBBFC419AAA08C00D53D31 /* CoreGraphics.framework */; };
		49CBBFC719AAA08C00D53D31 /* UIKit.framework in Frameworks */ = {isa = PBXBuildFile; fileRef = 49CBBFC619AAA08C00D53D31 /* UIKit.framework */; };
		49CBBFCD19AAA08C00D53D31 /* InfoPlist.strings in Resources */ = {isa = PBXBuildFile; fileRef = 49CBBFCB19AAA08C00D53D31 /* InfoPlist.strings */; };
		49CBBFCF19AAA08C00D53D31 /* main.m in Sources */ = {isa = PBXBuildFile; fileRef = 49CBBFCE19AAA08C00D53D31 /* main.m */; };
		49CBBFD319AAA08C00D53D31 /* SMEAppDelegate.m in Sources */ = {isa = PBXBuildFile; fileRef = 49CBBFD219AAA08C00D53D31 /* SMEAppDelegate.m */; };
		49CBBFD619AAA08C00D53D31 /* Main_iPhone.storyboard in Resources */ = {isa = PBXBuildFile; fileRef = 49CBBFD419AAA08C00D53D31 /* Main_iPhone.storyboard */; };
		49CBBFD919AAA08C00D53D31 /* Main_iPad.storyboard in Resources */ = {isa = PBXBuildFile; fileRef = 49CBBFD719AAA08C00D53D31 /* Main_iPad.storyboard */; };
		49CBBFDC19AAA08C00D53D31 /* SMEViewController.m in Sources */ = {isa = PBXBuildFile; fileRef = 49CBBFDB19AAA08C00D53D31 /* SMEViewController.m */; };
		49CBBFDE19AAA08C00D53D31 /* Images.xcassets in Resources */ = {isa = PBXBuildFile; fileRef = 49CBBFDD19AAA08C00D53D31 /* Images.xcassets */; };
		49CBBFE519AAA08D00D53D31 /* XCTest.framework in Frameworks */ = {isa = PBXBuildFile; fileRef = 49CBBFE419AAA08D00D53D31 /* XCTest.framework */; };
		49CBBFE619AAA08D00D53D31 /* Foundation.framework in Frameworks */ = {isa = PBXBuildFile; fileRef = 49CBBFC219AAA08C00D53D31 /* Foundation.framework */; };
		49CBBFE719AAA08D00D53D31 /* UIKit.framework in Frameworks */ = {isa = PBXBuildFile; fileRef = 49CBBFC619AAA08C00D53D31 /* UIKit.framework */; };
		49CBBFEF19AAA08D00D53D31 /* InfoPlist.strings in Resources */ = {isa = PBXBuildFile; fileRef = 49CBBFED19AAA08D00D53D31 /* InfoPlist.strings */; };
		49CBBFF119AAA08D00D53D31 /* SeniorMenu1Tests.m in Sources */ = {isa = PBXBuildFile; fileRef = 49CBBFF019AAA08D00D53D31 /* SeniorMenu1Tests.m */; };
/* End PBXBuildFile section */

/* Begin PBXContainerItemProxy section */
		49CBBFE819AAA08D00D53D31 /* PBXContainerItemProxy */ = {
			isa = PBXContainerItemProxy;
			containerPortal = 49CBBFB719AAA08C00D53D31 /* Project object */;
			proxyType = 1;
			remoteGlobalIDString = 49CBBFBE19AAA08C00D53D31;
			remoteInfo = SeniorMenu1;
		};
/* End PBXContainerItemProxy section */

/* Begin PBXFileReference section */
		49CBBFBF19AAA08C00D53D31 /* SeniorMenu1.app */ = {isa = PBXFileReference; explicitFileType = wrapper.application; includeInIndex = 0; path = SeniorMenu1.app; sourceTree = BUILT_PRODUCTS_DIR; };
		49CBBFC219AAA08C00D53D31 /* Foundation.framework */ = {isa = PBXFileReference; lastKnownFileType = wrapper.framework; name = Foundation.framework; path = System/Library/Frameworks/Foundation.framework; sourceTree = SDKROOT; };
		49CBBFC419AAA08C00D53D31 /* CoreGraphics.framework */ = {isa = PBXFileReference; lastKnownFileType = wrapper.framework; name = CoreGraphics.framework; path = System/Library/Frameworks/CoreGraphics.framework; sourceTree = SDKROOT; };
		49CBBFC619AAA08C00D53D31 /* UIKit.framework */ = {isa = PBXFileReference; lastKnownFileType = wrapper.framework; name = UIKit.framework; path = System/Library/Frameworks/UIKit.framework; sourceTree = SDKROOT; };
		49CBBFCA19AAA08C00D53D31 /* SeniorMenu1-Info.plist */ = {isa = PBXFileReference; lastKnownFileType = text.plist.xml; path = "SeniorMenu1-Info.plist"; sourceTree = "<group>"; };
		49CBBFCC19AAA08C00D53D31 /* en */ = {isa = PBXFileReference; lastKnownFileType = text.plist.strings; name = en; path = en.lproj/InfoPlist.strings; sourceTree = "<group>"; };
		49CBBFCE19AAA08C00D53D31 /* main.m */ = {isa = PBXFileReference; lastKnownFileType = sourcecode.c.objc; path = main.m; sourceTree = "<group>"; };
		49CBBFD019AAA08C00D53D31 /* SeniorMenu1-Prefix.pch */ = {isa = PBXFileReference; lastKnownFileType = sourcecode.c.h; path = "SeniorMenu1-Prefix.pch"; sourceTree = "<group>"; };
		49CBBFD119AAA08C00D53D31 /* SMEAppDelegate.h */ = {isa = PBXFileReference; lastKnownFileType = sourcecode.c.h; path = SMEAppDelegate.h; sourceTree = "<group>"; };
		49CBBFD219AAA08C00D53D31 /* SMEAppDelegate.m */ = {isa = PBXFileReference; lastKnownFileType = sourcecode.c.objc; path = SMEAppDelegate.m; sourceTree = "<group>"; };
		49CBBFD519AAA08C00D53D31 /* Base */ = {isa = PBXFileReference; lastKnownFileType = file.storyboard; name = Base; path = Base.lproj/Main_iPhone.storyboard; sourceTree = "<group>"; };
		49CBBFD819AAA08C00D53D31 /* Base */ = {isa = PBXFileReference; lastKnownFileType = file.storyboard; name = Base; path = Base.lproj/Main_iPad.storyboard; sourceTree = "<group>"; };
		49CBBFDA19AAA08C00D53D31 /* SMEViewController.h */ = {isa = PBXFileReference; lastKnownFileType = sourcecode.c.h; path = SMEViewController.h; sourceTree = "<group>"; };
		49CBBFDB19AAA08C00D53D31 /* SMEViewController.m */ = {isa = PBXFileReference; lastKnownFileType = sourcecode.c.objc; path = SMEViewController.m; sourceTree = "<group>"; };
		49CBBFDD19AAA08C00D53D31 /* Images.xcassets */ = {isa = PBXFileReference; lastKnownFileType = folder.assetcatalog; path = Images.xcassets; sourceTree = "<group>"; };
		49CBBFE319AAA08D00D53D31 /* SeniorMenu1Tests.xctest */ = {isa = PBXFileReference; explicitFileType = wrapper.cfbundle; includeInIndex = 0; path = SeniorMenu1Tests.xctest; sourceTree = BUILT_PRODUCTS_DIR; };
		49CBBFE419AAA08D00D53D31 /* XCTest.framework */ = {isa = PBXFileReference; lastKnownFileType = wrapper.framework; name = XCTest.framework; path = Library/Frameworks/XCTest.framework; sourceTree = DEVELOPER_DIR; };
		49CBBFEC19AAA08D00D53D31 /* SeniorMenu1Tests-Info.plist */ = {isa = PBXFileReference; lastKnownFileType = text.plist.xml; path = "SeniorMenu1Tests-Info.plist"; sourceTree = "<group>"; };
		49CBBFEE19AAA08D00D53D31 /* en */ = {isa = PBXFileReference; lastKnownFileType = text.plist.strings; name = en; path = en.lproj/InfoPlist.strings; sourceTree = "<group>"; };
		49CBBFF019AAA08D00D53D31 /* SeniorMenu1Tests.m */ = {isa = PBXFileReference; lastKnownFileType = sourcecode.c.objc; path = SeniorMenu1Tests.m; sourceTree = "<group>"; };
/* End PBXFileReference section */

/* Begin PBXFrameworksBuildPhase section */
		49CBBFBC19AAA08C00D53D31 /* Frameworks */ = {
			isa = PBXFrameworksBuildPhase;
			buildActionMask = 2147483647;
			files = (
				49CBBFC519AAA08C00D53D31 /* CoreGraphics.framework in Frameworks */,
				49CBBFC719AAA08C00D53D31 /* UIKit.framework in Frameworks */,
				49CBBFC319AAA08C00D53D31 /* Foundation.framework in Frameworks */,
			);
			runOnlyForDeploymentPostprocessing = 0;
		};
		49CBBFE019AAA08D00D53D31 /* Frameworks */ = {
			isa = PBXFrameworksBuildPhase;
			buildActionMask = 2147483647;
			files = (
				49CBBFE519AAA08D00D53D31 /* XCTest.framework in Frameworks */,
				49CBBFE719AAA08D00D53D31 /* UIKit.framework in Frameworks */,
				49CBBFE619AAA08D00D53D31 /* Foundation.framework in Frameworks */,
			);
			runOnlyForDeploymentPostprocessing = 0;
		};
/* End PBXFrameworksBuildPhase section */

/* Begin PBXGroup section */
		49CBBFB619AAA08C00D53D31 = {
			isa = PBXGroup;
			children = (
				49CBBFC819AAA08C00D53D31 /* SeniorMenu1 */,
				49CBBFEA19AAA08D00D53D31 /* SeniorMenu1Tests */,
				49CBBFC119AAA08C00D53D31 /* Frameworks */,
				49CBBFC019AAA08C00D53D31 /* Products */,
			);
			sourceTree = "<group>";
		};
		49CBBFC019AAA08C00D53D31 /* Products */ = {
			isa = PBXGroup;
			children = (
				49CBBFBF19AAA08C00D53D31 /* SeniorMenu1.app */,
				49CBBFE319AAA08D00D53D31 /* SeniorMenu1Tests.xctest */,
			);
			name = Products;
			sourceTree = "<group>";
		};
		49CBBFC119AAA08C00D53D31 /* Frameworks */ = {
			isa = PBXGroup;
			children = (
				49CBBFC219AAA08C00D53D31 /* Foundation.framework */,
				49CBBFC419AAA08C00D53D31 /* CoreGraphics.framework */,
				49CBBFC619AAA08C00D53D31 /* UIKit.framework */,
				49CBBFE419AAA08D00D53D31 /* XCTest.framework */,
			);
			name = Frameworks;
			sourceTree = "<group>";
		};
		49CBBFC819AAA08C00D53D31 /* SeniorMenu1 */ = {
			isa = PBXGroup;
			children = (
				49CBBFD119AAA08C00D53D31 /* SMEAppDelegate.h */,
				49CBBFD219AAA08C00D53D31 /* SMEAppDelegate.m */,
				49CBBFD419AAA08C00D53D31 /* Main_iPhone.storyboard */,
				49CBBFD719AAA08C00D53D31 /* Main_iPad.storyboard */,
				49CBBFDA19AAA08C00D53D31 /* SMEViewController.h */,
				49CBBFDB19AAA08C00D53D31 /* SMEViewController.m */,
				49CBBFDD19AAA08C00D53D31 /* Images.xcassets */,
				49CBBFC919AAA08C00D53D31 /* Supporting Files */,
			);
			path = SeniorMenu1;
			sourceTree = "<group>";
		};
		49CBBFC919AAA08C00D53D31 /* Supporting Files */ = {
			isa = PBXGroup;
			children = (
				49CBBFCA19AAA08C00D53D31 /* SeniorMenu1-Info.plist */,
				49CBBFCB19AAA08C00D53D31 /* InfoPlist.strings */,
				49CBBFCE19AAA08C00D53D31 /* main.m */,
				49CBBFD019AAA08C00D53D31 /* SeniorMenu1-Prefix.pch */,
			);
			name = "Supporting Files";
			sourceTree = "<group>";
		};
		49CBBFEA19AAA08D00D53D31 /* SeniorMenu1Tests */ = {
			isa = PBXGroup;
			children = (
				49CBBFF019AAA08D00D53D31 /* SeniorMenu1Tests.m */,
				49CBBFEB19AAA08D00D53D31 /* Supporting Files */,
			);
			path = SeniorMenu1Tests;
			sourceTree = "<group>";
		};
		49CBBFEB19AAA08D00D53D31 /* Supporting Files */ = {
			isa = PBXGroup;
			children = (
				49CBBFEC19AAA08D00D53D31 /* SeniorMenu1Tests-Info.plist */,
				49CBBFED19AAA08D00D53D31 /* InfoPlist.strings */,
			);
			name = "Supporting Files";
			sourceTree = "<group>";
		};
/* End PBXGroup section */

/* Begin PBXNativeTarget section */
		49CBBFBE19AAA08C00D53D31 /* SeniorMenu1 */ = {
			isa = PBXNativeTarget;
			buildConfigurationList = 49CBBFF419AAA08D00D53D31 /* Build configuration list for PBXNativeTarget "SeniorMenu1" */;
			buildPhases = (
				49CBBFBB19AAA08C00D53D31 /* Sources */,
				49CBBFBC19AAA08C00D53D31 /* Frameworks */,
				49CBBFBD19AAA08C00D53D31 /* Resources */,
			);
			buildRules = (
			);
			dependencies = (
			);
			name = SeniorMenu1;
			productName = SeniorMenu1;
			productReference = 49CBBFBF19AAA08C00D53D31 /* SeniorMenu1.app */;
			productType = "com.apple.product-type.application";
		};
		49CBBFE219AAA08D00D53D31 /* SeniorMenu1Tests */ = {
			isa = PBXNativeTarget;
			buildConfigurationList = 49CBBFF719AAA08D00D53D31 /* Build configuration list for PBXNativeTarget "SeniorMenu1Tests" */;
			buildPhases = (
				49CBBFDF19AAA08D00D53D31 /* Sources */,
				49CBBFE019AAA08D00D53D31 /* Frameworks */,
				49CBBFE119AAA08D00D53D31 /* Resources */,
			);
			buildRules = (
			);
			dependencies = (
				49CBBFE919AAA08D00D53D31 /* PBXTargetDependency */,
			);
			name = SeniorMenu1Tests;
			productName = SeniorMenu1Tests;
			productReference = 49CBBFE319AAA08D00D53D31 /* SeniorMenu1Tests.xctest */;
			productType = "com.apple.product-type.bundle.unit-test";
		};
/* End PBXNativeTarget section */

/* Begin PBXProject section */
		49CBBFB719AAA08C00D53D31 /* Project object */ = {
			isa = PBXProject;
			attributes = {
				CLASSPREFIX = SME;
				LastUpgradeCheck = 0510;
				ORGANIZATIONNAME = "Steve Sneller";
				TargetAttributes = {
					49CBBFE219AAA08D00D53D31 = {
						TestTargetID = 49CBBFBE19AAA08C00D53D31;
					};
				};
			};
			buildConfigurationList = 49CBBFBA19AAA08C00D53D31 /* Build configuration list for PBXProject "SeniorMenu1" */;
			compatibilityVersion = "Xcode 3.2";
			developmentRegion = English;
			hasScannedForEncodings = 0;
			knownRegions = (
				en,
				Base,
			);
			mainGroup = 49CBBFB619AAA08C00D53D31;
			productRefGroup = 49CBBFC019AAA08C00D53D31 /* Products */;
			projectDirPath = "";
			projectRoot = "";
			targets = (
				49CBBFBE19AAA08C00D53D31 /* SeniorMenu1 */,
				49CBBFE219AAA08D00D53D31 /* SeniorMenu1Tests */,
			);
		};
/* End PBXProject section */

/* Begin PBXResourcesBuildPhase section */
		49CBBFBD19AAA08C00D53D31 /* Resources */ = {
			isa = PBXResourcesBuildPhase;
			buildActionMask = 2147483647;
			files = (
				49CBBFD919AAA08C00D53D31 /* Main_iPad.storyboard in Resources */,
				49CBBFDE19AAA08C00D53D31 /* Images.xcassets in Resources */,
				49CBBFD619AAA08C00D53D31 /* Main_iPhone.storyboard in Resources */,
				49CBBFCD19AAA08C00D53D31 /* InfoPlist.strings in Resources */,
			);
			runOnlyForDeploymentPostprocessing = 0;
		};
		49CBBFE119AAA08D00D53D31 /* Resources */ = {
			isa = PBXResourcesBuildPhase;
			buildActionMask = 2147483647;
			files = (
				49CBBFEF19AAA08D00D53D31 /* InfoPlist.strings in Resources */,
			);
			runOnlyForDeploymentPostprocessing = 0;
		};
/* End PBXResourcesBuildPhase section */

/* Begin PBXSourcesBuildPhase section */
		49CBBFBB19AAA08C00D53D31 /* Sources */ = {
			isa = PBXSourcesBuildPhase;
			buildActionMask = 2147483647;
			files = (
				49CBBFDC19AAA08C00D53D31 /* SMEViewController.m in Sources */,
				49CBBFD319AAA08C00D53D31 /* SMEAppDelegate.m in Sources */,
				49CBBFCF19AAA08C00D53D31 /* main.m in Sources */,
			);
			runOnlyForDeploymentPostprocessing = 0;
		};
		49CBBFDF19AAA08D00D53D31 /* Sources */ = {
			isa = PBXSourcesBuildPhase;
			buildActionMask = 2147483647;
			files = (
				49CBBFF119AAA08D00D53D31 /* SeniorMenu1Tests.m in Sources */,
			);
			runOnlyForDeploymentPostprocessing = 0;
		};
/* End PBXSourcesBuildPhase section */

/* Begin PBXTargetDependency section */
		49CBBFE919AAA08D00D53D31 /* PBXTargetDependency */ = {
			isa = PBXTargetDependency;
			target = 49CBBFBE19AAA08C00D53D31 /* SeniorMenu1 */;
			targetProxy = 49CBBFE819AAA08D00D53D31 /* PBXContainerItemProxy */;
		};
/* End PBXTargetDependency section */

/* Begin PBXVariantGroup section */
		49CBBFCB19AAA08C00D53D31 /* InfoPlist.strings */ = {
			isa = PBXVariantGroup;
			children = (
				49CBBFCC19AAA08C00D53D31 /* en */,
			);
			name = InfoPlist.strings;
			sourceTree = "<group>";
		};
		49CBBFD419AAA08C00D53D31 /* Main_iPhone.storyboard */ = {
			isa = PBXVariantGroup;
			children = (
				49CBBFD519AAA08C00D53D31 /* Base */,
			);
			name = Main_iPhone.storyboard;
			sourceTree = "<group>";
		};
		49CBBFD719AAA08C00D53D31 /* Main_iPad.storyboard */ = {
			isa = PBXVariantGroup;
			children = (
				49CBBFD819AAA08C00D53D31 /* Base */,
			);
			name = Main_iPad.storyboard;
			sourceTree = "<group>";
		};
		49CBBFED19AAA08D00D53D31 /* InfoPlist.strings */ = {
			isa = PBXVariantGroup;
			children = (
				49CBBFEE19AAA08D00D53D31 /* en */,
			);
			name = InfoPlist.strings;
			sourceTree = "<group>";
		};
/* End PBXVariantGroup section */

/* Begin XCBuildConfiguration section */
		49CBBFF219AAA08D00D53D31 /* Debug */ = {
			isa = XCBuildConfiguration;
			buildSettings = {
				ALWAYS_SEARCH_USER_PATHS = NO;
				CLANG_CXX_LANGUAGE_STANDARD = "gnu++0x";
				CLANG_CXX_LIBRARY = "libc++";
				CLANG_ENABLE_MODULES = YES;
				CLANG_ENABLE_OBJC_ARC = YES;
				CLANG_WARN_BOOL_CONVERSION = YES;
				CLANG_WARN_CONSTANT_CONVERSION = YES;
				CLANG_WARN_DIRECT_OBJC_ISA_USAGE = YES_ERROR;
				CLANG_WARN_EMPTY_BODY = YES;
				CLANG_WARN_ENUM_CONVERSION = YES;
				CLANG_WARN_INT_CONVERSION = YES;
				CLANG_WARN_OBJC_ROOT_CLASS = YES_ERROR;
				CLANG_WARN__DUPLICATE_METHOD_MATCH = YES;
				"CODE_SIGN_IDENTITY[sdk=iphoneos*]" = "iPhone Developer";
				COPY_PHASE_STRIP = NO;
				GCC_C_LANGUAGE_STANDARD = gnu99;
				GCC_DYNAMIC_NO_PIC = NO;
				GCC_OPTIMIZATION_LEVEL = 0;
				GCC_PREPROCESSOR_DEFINITIONS = (
					"DEBUG=1",
					"$(inherited)",
				);
				GCC_SYMBOLS_PRIVATE_EXTERN = NO;
				GCC_WARN_64_TO_32_BIT_CONVERSION = YES;
				GCC_WARN_ABOUT_RETURN_TYPE = YES_ERROR;
				GCC_WARN_UNDECLARED_SELECTOR = YES;
				GCC_WARN_UNINITIALIZED_AUTOS = YES_AGGRESSIVE;
				GCC_WARN_UNUSED_FUNCTION = YES;
				GCC_WARN_UNUSED_VARIABLE = YES;
				IPHONEOS_DEPLOYMENT_TARGET = 7.1;
				ONLY_ACTIVE_ARCH = YES;
				SDKROOT = iphoneos;
				TARGETED_DEVICE_FAMILY = "1,2";
			};
			name = Debug;
		};
		49CBBFF319AAA08D00D53D31 /* Release */ = {
			isa = XCBuildConfiguration;
			buildSettings = {
				ALWAYS_SEARCH_USER_PATHS = NO;
				CLANG_CXX_LANGUAGE_STANDARD = "gnu++0x";
				CLANG_CXX_LIBRARY = "libc++";
				CLANG_ENABLE_MODULES = YES;
				CLANG_ENABLE_OBJC_ARC = YES;
				CLANG_WARN_BOOL_CONVERSION = YES;
				CLANG_WARN_CONSTANT_CONVERSION = YES;
				CLANG_WARN_DIRECT_OBJC_ISA_USAGE = YES_ERROR;
				CLANG_WARN_EMPTY_BODY = YES;
				CLANG_WARN_ENUM_CONVERSION = YES;
				CLANG_WARN_INT_CONVERSION = YES;
				CLANG_WARN_OBJC_ROOT_CLASS = YES_ERROR;
				CLANG_WARN__DUPLICATE_METHOD_MATCH = YES;
				"CODE_SIGN_IDENTITY[sdk=iphoneos*]" = "iPhone Developer";
				COPY_PHASE_STRIP = YES;
				ENABLE_NS_ASSERTIONS = NO;
				GCC_C_LANGUAGE_STANDARD = gnu99;
				GCC_WARN_64_TO_32_BIT_CONVERSION = YES;
				GCC_WARN_ABOUT_RETURN_TYPE = YES_ERROR;
				GCC_WARN_UNDECLARED_SELECTOR = YES;
				GCC_WARN_UNINITIALIZED_AUTOS = YES_AGGRESSIVE;
				GCC_WARN_UNUSED_FUNCTION = YES;
				GCC_WARN_UNUSED_VARIABLE = YES;
				IPHONEOS_DEPLOYMENT_TARGET = 7.1;
				SDKROOT = iphoneos;
				TARGETED_DEVICE_FAMILY = "1,2";
				VALIDATE_PRODUCT = YES;
			};
			name = Release;
		};
		49CBBFF519AAA08D00D53D31 /* Debug */ = {
			isa = XCBuildConfiguration;
			buildSettings = {
				ASSETCATALOG_COMPILER_APPICON_NAME = AppIcon;
				ASSETCATALOG_COMPILER_LAUNCHIMAGE_NAME = LaunchImage;
				GCC_PRECOMPILE_PREFIX_HEADER = YES;
				GCC_PREFIX_HEADER = "SeniorMenu1/SeniorMenu1-Prefix.pch";
				INFOPLIST_FILE = "SeniorMenu1/SeniorMenu1-Info.plist";
				PRODUCT_NAME = "$(TARGET_NAME)";
				WRAPPER_EXTENSION = app;
			};
			name = Debug;
		};
		49CBBFF619AAA08D00D53D31 /* Release */ = {
			isa = XCBuildConfiguration;
			buildSettings = {
				ASSETCATALOG_COMPILER_APPICON_NAME = AppIcon;
				ASSETCATALOG_COMPILER_LAUNCHIMAGE_NAME = LaunchImage;
				GCC_PRECOMPILE_PREFIX_HEADER = YES;
				GCC_PREFIX_HEADER = "SeniorMenu1/SeniorMenu1-Prefix.pch";
				INFOPLIST_FILE = "SeniorMenu1/SeniorMenu1-Info.plist";
				PRODUCT_NAME = "$(TARGET_NAME)";
				WRAPPER_EXTENSION = app;
			};
			name = Release;
		};
		49CBBFF819AAA08D00D53D31 /* Debug */ = {
			isa = XCBuildConfiguration;
			buildSettings = {
				BUNDLE_LOADER = "$(BUILT_PRODUCTS_DIR)/SeniorMenu1.app/SeniorMenu1";
				FRAMEWORK_SEARCH_PATHS = (
					"$(SDKROOT)/Developer/Library/Frameworks",
					"$(inherited)",
					"$(DEVELOPER_FRAMEWORKS_DIR)",
				);
				GCC_PRECOMPILE_PREFIX_HEADER = YES;
				GCC_PREFIX_HEADER = "SeniorMenu1/SeniorMenu1-Prefix.pch";
				GCC_PREPROCESSOR_DEFINITIONS = (
					"DEBUG=1",
					"$(inherited)",
				);
				INFOPLIST_FILE = "SeniorMenu1Tests/SeniorMenu1Tests-Info.plist";
				PRODUCT_NAME = "$(TARGET_NAME)";
				TEST_HOST = "$(BUNDLE_LOADER)";
				WRAPPER_EXTENSION = xctest;
			};
			name = Debug;
		};
		49CBBFF919AAA08D00D53D31 /* Release */ = {
			isa = XCBuildConfiguration;
			buildSettings = {
				BUNDLE_LOADER = "$(BUILT_PRODUCTS_DIR)/SeniorMenu1.app/SeniorMenu1";
				FRAMEWORK_SEARCH_PATHS = (
					"$(SDKROOT)/Developer/Library/Frameworks",
					"$(inherited)",
					"$(DEVELOPER_FRAMEWORKS_DIR)",
				);
				GCC_PRECOMPILE_PREFIX_HEADER = YES;
				GCC_PREFIX_HEADER = "SeniorMenu1/SeniorMenu1-Prefix.pch";
				INFOPLIST_FILE = "SeniorMenu1Tests/SeniorMenu1Tests-Info.plist";
				PRODUCT_NAME = "$(TARGET_NAME)";
				TEST_HOST = "$(BUNDLE_LOADER)";
				WRAPPER_EXTENSION = xctest;
			};
			name = Release;
		};
/* End XCBuildConfiguration section */

/* Begin XCConfigurationList section */
		49CBBFBA19AAA08C00D53D31 /* Build configuration list for PBXProject "SeniorMenu1" */ = {
			isa = XCConfigurationList;
			buildConfigurations = (
				49CBBFF219AAA08D00D53D31 /* Debug */,
				49CBBFF319AAA08D00D53D31 /* Release */,
			);
			defaultConfigurationIsVisible = 0;
			defaultConfigurationName = Release;
		};
		49CBBFF419AAA08D00D53D31 /* Build configuration list for PBXNativeTarget "SeniorMenu1" */ = {
			isa = XCConfigurationList;
			buildConfigurations = (
				49CBBFF519AAA08D00D53D31 /* Debug */,
				49CBBFF619AAA08D00D53D31 /* Release */,
			);
			defaultConfigurationIsVisible = 0;
		};
		49CBBFF719AAA08D00D53D31 /* Build configuration list for PBXNativeTarget "SeniorMenu1Tests" */ = {
			isa = XCConfigurationList;
			buildConfigurations = (
				49CBBFF819AAA08D00D53D31 /* Debug */,
				49CBBFF919AAA08D00D53D31 /* Release */,
			);
			defaultConfigurationIsVisible = 0;
		};
/* End XCConfigurationList section */
	};
	rootObject = 49CBBFB719AAA08C00D53D31 /* Project object */;
}
